
Microsoft Visual Studio Solution File, Format Version 12.00
# Visual Studio Version 16
VisualStudioVersion = 16.0.31321.278
MinimumVisualStudioVersion = 10.0.40219.1
Project("{9A19103F-16F7-4668-BE54-9A1E7A4F7556}") = "Intimex_project", "Intimex_project\Intimex_project.csproj", "{3CE9A5BC-13D7-40DA-810F-4F6E58EC39BE}"
EndProject
Project("{9A19103F-16F7-4668-BE54-9A1E7A4F7556}") = "Data", "Data\Data.csproj", "{6A8D925F-6C60-40CA-923C-F89D3A1022F6}"
EndProject
Project("{9A19103F-16F7-4668-BE54-9A1E7A4F7556}") = "Application", "Application\Application.csproj", "{4D3A0774-6FE6-4B6F-B770-3BAFCEE69BE9}"
EndProject
Project("{2150E333-8FDC-42A3-9474-1A3956D46DE8}") = "DevExtreme NuGet.config", "DevExtreme NuGet.config", "{D6D698E0-1A60-456D-80A2-AEAE213A91C9}"
	ProjectSection(SolutionItems) = preProject
		NuGet.config = NuGet.config
	EndProjectSection
EndProject
Project("{FAE04EC0-301F-11D3-BF4B-00C04F79EFBC}") = "ViewModel", "ViewModel\ViewModel.csproj", "{8C794887-2893-48A2-851C-18D8B6857300}"
EndProject
Global
	GlobalSection(SolutionConfigurationPlatforms) = preSolution
		Debug|Any CPU = Debug|Any CPU
		Release|Any CPU = Release|Any CPU
	EndGlobalSection
	GlobalSection(ProjectConfigurationPlatforms) = postSolution
		{3CE9A5BC-13D7-40DA-810F-4F6E58EC39BE}.Debug|Any CPU.ActiveCfg = Debug|Any CPU
		{3CE9A5BC-13D7-40DA-810F-4F6E58EC39BE}.Debug|Any CPU.Build.0 = Debug|Any CPU
		{3CE9A5BC-13D7-40DA-810F-4F6E58EC39BE}.Release|Any CPU.ActiveCfg = Release|Any CPU
		{3CE9A5BC-13D7-40DA-810F-4F6E58EC39BE}.Release|Any CPU.Build.0 = Release|Any CPU
		{6A8D925F-6C60-40CA-923C-F89D3A1022F6}.Debug|Any CPU.ActiveCfg = Debug|Any CPU
		{6A8D925F-6C60-40CA-923C-F89D3A1022F6}.Debug|Any CPU.Build.0 = Debug|Any CPU
		{6A8D925F-6C60-40CA-923C-F89D3A1022F6}.Release|Any CPU.ActiveCfg = Release|Any CPU
		{6A8D925F-6C60-40CA-923C-F89D3A1022F6}.Release|Any CPU.Build.0 = Release|Any CPU
		{4D3A0774-6FE6-4B6F-B770-3BAFCEE69BE9}.Debug|Any CPU.ActiveCfg = Debug|Any CPU
		{4D3A0774-6FE6-4B6F-B770-3BAFCEE69BE9}.Debug|Any CPU.Build.0 = Debug|Any CPU
		{4D3A0774-6FE6-4B6F-B770-3BAFCEE69BE9}.Release|Any CPU.ActiveCfg = Release|Any CPU
		{4D3A0774-6FE6-4B6F-B770-3BAFCEE69BE9}.Release|Any CPU.Build.0 = Release|Any CPU
		{8C794887-2893-48A2-851C-18D8B6857300}.Debug|Any CPU.ActiveCfg = Debug|Any CPU
		{8C794887-2893-48A2-851C-18D8B6857300}.Debug|Any CPU.Build.0 = Debug|Any CPU
		{8C794887-2893-48A2-851C-18D8B6857300}.Release|Any CPU.ActiveCfg = Release|Any CPU
		{8C794887-2893-48A2-851C-18D8B6857300}.Release|Any CPU.Build.0 = Release|Any CPU
	EndGlobalSection
	GlobalSection(SolutionProperties) = preSolution
		HideSolutionNode = FALSE
	EndGlobalSection
	GlobalSection(ExtensibilityGlobals) = postSolution
		SolutionGuid = {3CCA3CA7-DC53-4E9C-875E-F7D878E1DC62}
	EndGlobalSection
EndGlobal
